<?xml version="1.0" encoding="utf-8"?>
<Project ToolsVersion="4.0" xmlns="http://schemas.microsoft.com/developer/msbuild/2003">
  <ItemGroup>
    <Filter Include="Plugin">
      <UniqueIdentifier>{708c3510-335e-43d5-8d7c-69a8d7d277b9}</UniqueIdentifier>
    </Filter>
    <Filter Include="Importer">
      <UniqueIdentifier>{e56fa875-ff55-4e03-bd87-b4229417b670}</UniqueIdentifier>
    </Filter>
    <Filter Include="ToScript">
      <UniqueIdentifier>{64fc3aec-e58c-4ea7-a1e3-e09fe15c5279}</UniqueIdentifier>
    </Filter>
  </ItemGroup>
  <ItemGroup>
    <ClInclude Include="FBXImporter_Pre.hpp">
      <Filter>Plugin</Filter>
    </ClInclude>
    <ClInclude Include="FBXImporterPlugin.hpp">
      <Filter>Plugin</Filter>
    </ClInclude>
    <ClInclude Include="FBXImporterToLua.hpp">
      <Filter>ToScript</Filter>
    </ClInclude>
    <ClInclude Include="PX2FBXImporter.hpp">
      <Filter>Importer</Filter>
    </ClInclude>
    <ClInclude Include="PX2FBXMat.hpp">
      <Filter>Importer</Filter>
    </ClInclude>
    <ClInclude Include="PX2FBXMesh.hpp">
      <Filter>Importer</Filter>
    </ClInclude>
    <ClInclude Include="PX2FBXPre.hpp">
      <Filter>Importer</Filter>
    </ClInclude>
    <ClInclude Include="PX2FBXUtilities.hpp">
      <Filter>Importer</Filter>
    </ClInclude>
    <ClInclude Include="PX2FBXVertex.hpp">
      <Filter>Importer</Filter>
    </ClInclude>
  </ItemGroup>
  <ItemGroup>
    <ClCompile Include="FBXImporterDll.cpp">
      <Filter>Plugin</Filter>
    </ClCompile>
    <ClCompile Include="FBXImporterPlugin.cpp">
      <Filter>Plugin</Filter>
    </ClCompile>
    <ClCompile Include="FBXImporterToLua.cpp">
      <Filter>ToScript</Filter>
    </ClCompile>
    <ClCompile Include="PX2FBXImporter.cpp">
      <Filter>Importer</Filter>
    </ClCompile>
    <ClCompile Include="PX2FBXImporterMaterial.cpp">
      <Filter>Importer</Filter>
    </ClCompile>
    <ClCompile Include="PX2FBXImporterMesh.cpp">
      <Filter>Importer</Filter>
    </ClCompile>
    <ClCompile Include="PX2FBXImporterToPX2.cpp">
      <Filter>Importer</Filter>
    </ClCompile>
    <ClCompile Include="PX2FBXUtilities.cpp">
      <Filter>Importer</Filter>
    </ClCompile>
  </ItemGroup>
</Project>