<?xml version="1.0" encoding="utf-8"?>
<Project ToolsVersion="4.0" xmlns="http://schemas.microsoft.com/developer/msbuild/2003">
  <ItemGroup>
    <Filter Include="PluginSupport">
      <UniqueIdentifier>{f7c27129-f6bd-4be9-91d3-f10fb14690c3}</UniqueIdentifier>
    </Filter>
    <Filter Include="PluginSupport\Export">
      <UniqueIdentifier>{9d52e2f9-8bc9-4035-a849-64a97f348891}</UniqueIdentifier>
    </Filter>
    <Filter Include="Resource">
      <UniqueIdentifier>{bf11d5b6-2be3-407c-88d0-cc2b10e60904}</UniqueIdentifier>
    </Filter>
    <Filter Include="SceneBuilder">
      <UniqueIdentifier>{04556c4c-42cb-4f4b-8346-93b471f28616}</UniqueIdentifier>
    </Filter>
  </ItemGroup>
  <ItemGroup>
    <ClCompile Include="PX2ExportSettings.cpp">
      <Filter>PluginSupport\Export</Filter>
    </ClCompile>
    <ClCompile Include="PX2SceneExport.cpp">
      <Filter>PluginSupport\Export</Filter>
    </ClCompile>
    <ClCompile Include="PX2DLLMain.cpp">
      <Filter>PluginSupport</Filter>
    </ClCompile>
    <ClCompile Include="PX2MaxClassDesc.cpp">
      <Filter>PluginSupport</Filter>
    </ClCompile>
    <ClCompile Include="PX2Mtls.cpp">
      <Filter>SceneBuilder</Filter>
    </ClCompile>
    <ClCompile Include="PX2MtlTree.cpp">
      <Filter>SceneBuilder</Filter>
    </ClCompile>
    <ClCompile Include="PX2SceneBuilder.cpp">
      <Filter>SceneBuilder</Filter>
    </ClCompile>
    <ClCompile Include="PX2SceneBuilderAnimation.cpp">
      <Filter>SceneBuilder</Filter>
    </ClCompile>
    <ClCompile Include="PX2SceneBuilderLight.cpp">
      <Filter>SceneBuilder</Filter>
    </ClCompile>
    <ClCompile Include="PX2SceneBuilderMesh.cpp">
      <Filter>SceneBuilder</Filter>
    </ClCompile>
    <ClCompile Include="PX2SceneBuilderModifier.cpp">
      <Filter>SceneBuilder</Filter>
    </ClCompile>
    <ClCompile Include="PX2SceneBuilderModifierSkin.cpp">
      <Filter>SceneBuilder</Filter>
    </ClCompile>
    <ClCompile Include="PX2SceneBuilderMtl.cpp">
      <Filter>SceneBuilder</Filter>
    </ClCompile>
    <ClCompile Include="PX2UniMaterialMesh.cpp">
      <Filter>SceneBuilder</Filter>
    </ClCompile>
    <ClCompile Include="PX2SceneBuilderModifierPhy.cpp">
      <Filter>SceneBuilder</Filter>
    </ClCompile>
  </ItemGroup>
  <ItemGroup>
    <ClInclude Include="PX2ExportSettings.hpp">
      <Filter>PluginSupport\Export</Filter>
    </ClInclude>
    <ClInclude Include="PX2SceneExport.hpp">
      <Filter>PluginSupport\Export</Filter>
    </ClInclude>
    <ClInclude Include="PX2MaxClassDesc.hpp">
      <Filter>PluginSupport</Filter>
    </ClInclude>
    <ClInclude Include="resource.h">
      <Filter>Resource</Filter>
    </ClInclude>
    <ClInclude Include="PX2Mtls.hpp">
      <Filter>SceneBuilder</Filter>
    </ClInclude>
    <ClInclude Include="PX2MtlTree.hpp">
      <Filter>SceneBuilder</Filter>
    </ClInclude>
    <ClInclude Include="PX2SceneBuilder.hpp">
      <Filter>SceneBuilder</Filter>
    </ClInclude>
    <ClInclude Include="PX2UniMaterialMesh.hpp">
      <Filter>SceneBuilder</Filter>
    </ClInclude>
    <ClInclude Include="PX2MaxToPX2PluginPre.hpp" />
  </ItemGroup>
  <ItemGroup>
    <ResourceCompile Include="MaxToPX2.rc">
      <Filter>Resource</Filter>
    </ResourceCompile>
  </ItemGroup>
  <ItemGroup>
    <None Include="MaxToPX2.def" />
  </ItemGroup>
</Project>