<?xml version="1.0" encoding="utf-8"?>
<Project ToolsVersion="4.0" xmlns="http://schemas.microsoft.com/developer/msbuild/2003">
  <ItemGroup>
    <Filter Include="PluginSupport">
      <UniqueIdentifier>{296d5e0d-f084-4f94-b223-2c3fca98ad41}</UniqueIdentifier>
    </Filter>
    <Filter Include="PluginSupport\Export">
      <UniqueIdentifier>{c65477a5-d73e-471f-bf34-372935194801}</UniqueIdentifier>
    </Filter>
    <Filter Include="SceneBuilder">
      <UniqueIdentifier>{6b322ce0-f9b0-4f6f-93eb-f2e75f5c1d8b}</UniqueIdentifier>
    </Filter>
    <Filter Include="Resource">
      <UniqueIdentifier>{0350bce5-da97-4f53-a16e-1da0de7fe1b3}</UniqueIdentifier>
    </Filter>
  </ItemGroup>
  <ItemGroup>
    <ResourceCompile Include="MaxToPX2.rc">
      <Filter>Resource</Filter>
    </ResourceCompile>
  </ItemGroup>
  <ItemGroup>
    <ClInclude Include="resource.h">
      <Filter>Resource</Filter>
    </ClInclude>
    <ClInclude Include="PX2ExportSettings.hpp">
      <Filter>PluginSupport\Export</Filter>
    </ClInclude>
    <ClInclude Include="PX2SceneExport.hpp">
      <Filter>PluginSupport\Export</Filter>
    </ClInclude>
    <ClInclude Include="PX2MaxClassDesc.hpp">
      <Filter>PluginSupport</Filter>
    </ClInclude>
    <ClInclude Include="PX2Mtls.hpp">
      <Filter>SceneBuilder</Filter>
    </ClInclude>
    <ClInclude Include="PX2MtlTree.hpp">
      <Filter>SceneBuilder</Filter>
    </ClInclude>
    <ClInclude Include="PX2SceneBuilder.hpp">
      <Filter>SceneBuilder</Filter>
    </ClInclude>
    <ClInclude Include="PX2UniMaterialMesh.hpp">
      <Filter>SceneBuilder</Filter>
    </ClInclude>
    <ClInclude Include="PX2MaxToPX2PluginPre.hpp" />
  </ItemGroup>
  <ItemGroup>
    <None Include="MaxToPX2.def" />
  </ItemGroup>
  <ItemGroup>
    <ClCompile Include="PX2ExportSettings.cpp">
      <Filter>PluginSupport\Export</Filter>
    </ClCompile>
    <ClCompile Include="PX2SceneExport.cpp">
      <Filter>PluginSupport\Export</Filter>
    </ClCompile>
    <ClCompile Include="PX2DLLMain.cpp">
      <Filter>PluginSupport</Filter>
    </ClCompile>
    <ClCompile Include="PX2MaxClassDesc.cpp">
      <Filter>PluginSupport</Filter>
    </ClCompile>
    <ClCompile Include="PX2Mtls.cpp">
      <Filter>SceneBuilder</Filter>
    </ClCompile>
    <ClCompile Include="PX2MtlTree.cpp">
      <Filter>SceneBuilder</Filter>
    </ClCompile>
    <ClCompile Include="PX2SceneBuilder.cpp">
      <Filter>SceneBuilder</Filter>
    </ClCompile>
    <ClCompile Include="PX2SceneBuilderAnimation.cpp">
      <Filter>SceneBuilder</Filter>
    </ClCompile>
    <ClCompile Include="PX2SceneBuilderLight.cpp">
      <Filter>SceneBuilder</Filter>
    </ClCompile>
    <ClCompile Include="PX2SceneBuilderMesh.cpp">
      <Filter>SceneBuilder</Filter>
    </ClCompile>
    <ClCompile Include="PX2SceneBuilderModifier.cpp">
      <Filter>SceneBuilder</Filter>
    </ClCompile>
    <ClCompile Include="PX2SceneBuilderModifierSkin.cpp">
      <Filter>SceneBuilder</Filter>
    </ClCompile>
    <ClCompile Include="PX2SceneBuilderMtl.cpp">
      <Filter>SceneBuilder</Filter>
    </ClCompile>
    <ClCompile Include="PX2UniMaterialMesh.cpp">
      <Filter>SceneBuilder</Filter>
    </ClCompile>
    <ClCompile Include="PX2SceneBuilderModifierPhy.cpp">
      <Filter>SceneBuilder</Filter>
    </ClCompile>
  </ItemGroup>
</Project>