
Microsoft Visual Studio Solution File, Format Version 12.00
# Visual Studio 14
VisualStudioVersion = 14.0.25420.1
MinimumVisualStudioVersion = 10.0.40219.1
Project("{8BC9CEB8-8B4A-11D0-8D11-00A0C91BC942}") = "PX2AppPlayer", "PX2AppPlayer\PX2AppPlayer.vcxproj", "{CC93BCA6-6B15-4859-88DC-0747C4A06BCA}"
	ProjectSection(ProjectDependencies) = postProject
		{028CD2AA-AD64-41E2-8B5D-23A81CCB1068} = {028CD2AA-AD64-41E2-8B5D-23A81CCB1068}
	EndProjectSection
EndProject
Project("{2150E333-8FDC-42A3-9474-1A3956D46DE8}") = "Tools", "Tools", "{C73BBAF5-B35C-4A0D-8676-213D8CEA5FDA}"
EndProject
Project("{2150E333-8FDC-42A3-9474-1A3956D46DE8}") = "Libs", "Libs", "{A4BBF7E5-8154-454C-A3BF-69E640F00D21}"
EndProject
Project("{2150E333-8FDC-42A3-9474-1A3956D46DE8}") = "Players", "Players", "{22C99FB5-AE52-43FE-8E50-65A40BE5A9D8}"
EndProject
Project("{2150E333-8FDC-42A3-9474-1A3956D46DE8}") = "Projects", "Projects", "{6F9C753A-F093-4AD9-A05F-A718FF5A0982}"
EndProject
Project("{8BC9CEB8-8B4A-11D0-8D11-00A0C91BC942}") = "FxCompiler", "Tools\FxCompiler\FxCompiler.vcxproj", "{739203C8-CB6E-4114-873E-2BE156583909}"
	ProjectSection(ProjectDependencies) = postProject
		{028CD2AA-AD64-41E2-8B5D-23A81CCB1068} = {028CD2AA-AD64-41E2-8B5D-23A81CCB1068}
	EndProjectSection
EndProject
Project("{2150E333-8FDC-42A3-9474-1A3956D46DE8}") = "Clients", "Clients", "{0F2DDA09-4937-46B3-BAF9-62DA979772A6}"
EndProject
Project("{2150E333-8FDC-42A3-9474-1A3956D46DE8}") = "Server", "Server", "{5B6ECEEC-AA17-4FE8-B332-0406DDC27CE3}"
EndProject
Project("{8BC9CEB8-8B4A-11D0-8D11-00A0C91BC942}") = "PkgParser", "Tools\PkgParser\PkgParser.vcxproj", "{A85E0822-48A6-4368-A8D3-8D1575415447}"
EndProject
Project("{2150E333-8FDC-42A3-9474-1A3956D46DE8}") = "Editor", "Editor", "{75AFCD41-18E7-4EE3-8D80-F98313C54F95}"
EndProject
Project("{2150E333-8FDC-42A3-9474-1A3956D46DE8}") = "Max", "Max", "{237CB297-08B1-4E2F-B048-47741039C83C}"
EndProject
Project("{2150E333-8FDC-42A3-9474-1A3956D46DE8}") = "Compilers", "Compilers", "{3061A278-08DA-461A-AF39-C006ACDC335B}"
EndProject
Project("{2150E333-8FDC-42A3-9474-1A3956D46DE8}") = "Plugins", "Plugins", "{953BE5F2-8929-4839-A33C-3A5C8DA4AA7E}"
EndProject
Project("{8BC9CEB8-8B4A-11D0-8D11-00A0C91BC942}") = "FBXImporter", "Plugins\FBXImporter\FBXImporter.vcxproj", "{FEE2F6D9-95C2-43BC-8C21-5D83FCEF026E}"
EndProject
Project("{8BC9CEB8-8B4A-11D0-8D11-00A0C91BC942}") = "Launcher", "Tools\Launcher\Launcher.vcxproj", "{C76F34DF-E1F0-4AAD-89B4-0FCD474F43EC}"
	ProjectSection(ProjectDependencies) = postProject
		{07E46348-2E5E-42A0-B3EF-5ACC7F2FC65F} = {07E46348-2E5E-42A0-B3EF-5ACC7F2FC65F}
	EndProjectSection
EndProject
Project("{2150E333-8FDC-42A3-9474-1A3956D46DE8}") = "Launch", "Launch", "{FFF02673-1EA7-4DC2-A113-40EA24A2DC08}"
EndProject
Project("{8BC9CEB8-8B4A-11D0-8D11-00A0C91BC942}") = "LPlugin", "Tools\LPlugin\LPlugin.vcxproj", "{07E46348-2E5E-42A0-B3EF-5ACC7F2FC65F}"
EndProject
Project("{8BC9CEB8-8B4A-11D0-8D11-00A0C91BC942}") = "Max9ToPX2", "Tools\MaxToPX2\Max9ToPX2.vcxproj", "{5C4D016F-D94C-4E42-8C19-DBDDD83A344D}"
EndProject
Project("{8BC9CEB8-8B4A-11D0-8D11-00A0C91BC942}") = "Updater", "Tools\Updater\Updater.vcxproj", "{7603822D-5644-46CD-BBFD-124158190C9F}"
EndProject
Project("{8BC9CEB8-8B4A-11D0-8D11-00A0C91BC942}") = "Max2012ToPX2", "Tools\MaxToPX2\Max2012ToPX2.vcxproj", "{25A7930D-F0AE-4C05-AB83-6B44F07D27A6}"
EndProject
Project("{8BC9CEB8-8B4A-11D0-8D11-00A0C91BC942}") = "PX2Engine", "PX2Engine\PX2Engine.vcxproj", "{028CD2AA-AD64-41E2-8B5D-23A81CCB1068}"
EndProject
Project("{8BC9CEB8-8B4A-11D0-8D11-00A0C91BC942}") = "Sample", "Projects\Client\Sample\Sample.vcxproj", "{185B29A6-EF04-4E37-BBE4-ED732A7BCF4D}"
EndProject
Project("{8BC9CEB8-8B4A-11D0-8D11-00A0C91BC942}") = "Console", "Projects\Client\Console\Console.vcxproj", "{2025810E-E136-4274-A0E1-B04973C22A5C}"
EndProject
Project("{8BC9CEB8-8B4A-11D0-8D11-00A0C91BC942}") = "Template", "Projects\Client\Template\Template.vcxproj", "{5F13A712-E5E5-4D11-9875-9A1B8938154C}"
EndProject
Project("{8BC9CEB8-8B4A-11D0-8D11-00A0C91BC942}") = "Slam2D", "PX2Engine\AI\Slam2D\Slam2D.vcxproj", "{1927ABF2-3006-48F7-A4A8-E389EA9744F4}"
EndProject
Project("{8BC9CEB8-8B4A-11D0-8D11-00A0C91BC942}") = "SlamGMapping", "PX2Engine\AI\SlamGMapping\SlamGMapping.vcxproj", "{6DC2EA7F-E2AC-4B58-AD4E-4D8FF755EE97}"
EndProject
Project("{8BC9CEB8-8B4A-11D0-8D11-00A0C91BC942}") = "AIOTServer", "Projects\Client\AIOTServer\AIOTServer.vcxproj", "{D29B1693-B327-4FA3-A29B-FDE352AACF33}"
EndProject
Global
	GlobalSection(SolutionConfigurationPlatforms) = preSolution
		Debug|Win32 = Debug|Win32
		Debug|x64 = Debug|x64
		OpenGLDebug|Win32 = OpenGLDebug|Win32
		OpenGLDebug|x64 = OpenGLDebug|x64
		OpenGLESDebug|Win32 = OpenGLESDebug|Win32
		OpenGLESDebug|x64 = OpenGLESDebug|x64
		OpenGLRelease|Win32 = OpenGLRelease|Win32
		OpenGLRelease|x64 = OpenGLRelease|x64
		RelDebug|Win32 = RelDebug|Win32
		RelDebug|x64 = RelDebug|x64
		Release|Win32 = Release|Win32
		Release|x64 = Release|x64
	EndGlobalSection
	GlobalSection(ProjectConfigurationPlatforms) = postSolution
		{CC93BCA6-6B15-4859-88DC-0747C4A06BCA}.Debug|Win32.ActiveCfg = Debug|Win32
		{CC93BCA6-6B15-4859-88DC-0747C4A06BCA}.Debug|Win32.Build.0 = Debug|Win32
		{CC93BCA6-6B15-4859-88DC-0747C4A06BCA}.Debug|x64.ActiveCfg = Debug|x64
		{CC93BCA6-6B15-4859-88DC-0747C4A06BCA}.Debug|x64.Build.0 = Debug|x64
		{CC93BCA6-6B15-4859-88DC-0747C4A06BCA}.OpenGLDebug|Win32.ActiveCfg = OpenGLDebug|Win32
		{CC93BCA6-6B15-4859-88DC-0747C4A06BCA}.OpenGLDebug|Win32.Build.0 = OpenGLDebug|Win32
		{CC93BCA6-6B15-4859-88DC-0747C4A06BCA}.OpenGLDebug|x64.ActiveCfg = OpenGLDebug|x64
		{CC93BCA6-6B15-4859-88DC-0747C4A06BCA}.OpenGLDebug|x64.Build.0 = OpenGLDebug|x64
		{CC93BCA6-6B15-4859-88DC-0747C4A06BCA}.OpenGLESDebug|Win32.ActiveCfg = OpenGLESDebug|Win32
		{CC93BCA6-6B15-4859-88DC-0747C4A06BCA}.OpenGLESDebug|Win32.Build.0 = OpenGLESDebug|Win32
		{CC93BCA6-6B15-4859-88DC-0747C4A06BCA}.OpenGLESDebug|x64.ActiveCfg = OpenGLESDebug|x64
		{CC93BCA6-6B15-4859-88DC-0747C4A06BCA}.OpenGLESDebug|x64.Build.0 = OpenGLESDebug|x64
		{CC93BCA6-6B15-4859-88DC-0747C4A06BCA}.OpenGLRelease|Win32.ActiveCfg = OpenGLRelease|Win32
		{CC93BCA6-6B15-4859-88DC-0747C4A06BCA}.OpenGLRelease|Win32.Build.0 = OpenGLRelease|Win32
		{CC93BCA6-6B15-4859-88DC-0747C4A06BCA}.OpenGLRelease|x64.ActiveCfg = OpenGLRelease|x64
		{CC93BCA6-6B15-4859-88DC-0747C4A06BCA}.OpenGLRelease|x64.Build.0 = OpenGLRelease|x64
		{CC93BCA6-6B15-4859-88DC-0747C4A06BCA}.RelDebug|Win32.ActiveCfg = Debug|Win32
		{CC93BCA6-6B15-4859-88DC-0747C4A06BCA}.RelDebug|Win32.Build.0 = Debug|Win32
		{CC93BCA6-6B15-4859-88DC-0747C4A06BCA}.RelDebug|x64.ActiveCfg = Debug|x64
		{CC93BCA6-6B15-4859-88DC-0747C4A06BCA}.RelDebug|x64.Build.0 = Debug|x64
		{CC93BCA6-6B15-4859-88DC-0747C4A06BCA}.Release|Win32.ActiveCfg = Release|Win32
		{CC93BCA6-6B15-4859-88DC-0747C4A06BCA}.Release|Win32.Build.0 = Release|Win32
		{CC93BCA6-6B15-4859-88DC-0747C4A06BCA}.Release|x64.ActiveCfg = Release|x64
		{CC93BCA6-6B15-4859-88DC-0747C4A06BCA}.Release|x64.Build.0 = Release|x64
		{739203C8-CB6E-4114-873E-2BE156583909}.Debug|Win32.ActiveCfg = Debug|Win32
		{739203C8-CB6E-4114-873E-2BE156583909}.Debug|Win32.Build.0 = Debug|Win32
		{739203C8-CB6E-4114-873E-2BE156583909}.Debug|x64.ActiveCfg = Debug|x64
		{739203C8-CB6E-4114-873E-2BE156583909}.Debug|x64.Build.0 = Debug|x64
		{739203C8-CB6E-4114-873E-2BE156583909}.OpenGLDebug|Win32.ActiveCfg = Release|Win32
		{739203C8-CB6E-4114-873E-2BE156583909}.OpenGLDebug|Win32.Build.0 = Release|Win32
		{739203C8-CB6E-4114-873E-2BE156583909}.OpenGLDebug|x64.ActiveCfg = Debug|x64
		{739203C8-CB6E-4114-873E-2BE156583909}.OpenGLDebug|x64.Build.0 = Debug|x64
		{739203C8-CB6E-4114-873E-2BE156583909}.OpenGLESDebug|Win32.ActiveCfg = OpenGLESDebug|Win32
		{739203C8-CB6E-4114-873E-2BE156583909}.OpenGLESDebug|Win32.Build.0 = OpenGLESDebug|Win32
		{739203C8-CB6E-4114-873E-2BE156583909}.OpenGLESDebug|x64.ActiveCfg = OpenGLESDebug|x64
		{739203C8-CB6E-4114-873E-2BE156583909}.OpenGLESDebug|x64.Build.0 = OpenGLESDebug|x64
		{739203C8-CB6E-4114-873E-2BE156583909}.OpenGLRelease|Win32.ActiveCfg = Release|Win32
		{739203C8-CB6E-4114-873E-2BE156583909}.OpenGLRelease|Win32.Build.0 = Release|Win32
		{739203C8-CB6E-4114-873E-2BE156583909}.OpenGLRelease|x64.ActiveCfg = Release|x64
		{739203C8-CB6E-4114-873E-2BE156583909}.OpenGLRelease|x64.Build.0 = Release|x64
		{739203C8-CB6E-4114-873E-2BE156583909}.RelDebug|Win32.ActiveCfg = Debug|Win32
		{739203C8-CB6E-4114-873E-2BE156583909}.RelDebug|Win32.Build.0 = Debug|Win32
		{739203C8-CB6E-4114-873E-2BE156583909}.RelDebug|x64.ActiveCfg = Debug|x64
		{739203C8-CB6E-4114-873E-2BE156583909}.RelDebug|x64.Build.0 = Debug|x64
		{739203C8-CB6E-4114-873E-2BE156583909}.Release|Win32.ActiveCfg = Release|Win32
		{739203C8-CB6E-4114-873E-2BE156583909}.Release|Win32.Build.0 = Release|Win32
		{739203C8-CB6E-4114-873E-2BE156583909}.Release|x64.ActiveCfg = Release|x64
		{739203C8-CB6E-4114-873E-2BE156583909}.Release|x64.Build.0 = Release|x64
		{A85E0822-48A6-4368-A8D3-8D1575415447}.Debug|Win32.ActiveCfg = Debug|Win32
		{A85E0822-48A6-4368-A8D3-8D1575415447}.Debug|Win32.Build.0 = Debug|Win32
		{A85E0822-48A6-4368-A8D3-8D1575415447}.Debug|x64.ActiveCfg = Debug|x64
		{A85E0822-48A6-4368-A8D3-8D1575415447}.Debug|x64.Build.0 = Debug|x64
		{A85E0822-48A6-4368-A8D3-8D1575415447}.OpenGLDebug|Win32.ActiveCfg = Debug|Win32
		{A85E0822-48A6-4368-A8D3-8D1575415447}.OpenGLDebug|Win32.Build.0 = Debug|Win32
		{A85E0822-48A6-4368-A8D3-8D1575415447}.OpenGLDebug|x64.ActiveCfg = Debug|x64
		{A85E0822-48A6-4368-A8D3-8D1575415447}.OpenGLDebug|x64.Build.0 = Debug|x64
		{A85E0822-48A6-4368-A8D3-8D1575415447}.OpenGLESDebug|Win32.ActiveCfg = OpenGLESDebug|Win32
		{A85E0822-48A6-4368-A8D3-8D1575415447}.OpenGLESDebug|Win32.Build.0 = OpenGLESDebug|Win32
		{A85E0822-48A6-4368-A8D3-8D1575415447}.OpenGLESDebug|x64.ActiveCfg = OpenGLESDebug|x64
		{A85E0822-48A6-4368-A8D3-8D1575415447}.OpenGLESDebug|x64.Build.0 = OpenGLESDebug|x64
		{A85E0822-48A6-4368-A8D3-8D1575415447}.OpenGLRelease|Win32.ActiveCfg = Release|Win32
		{A85E0822-48A6-4368-A8D3-8D1575415447}.OpenGLRelease|Win32.Build.0 = Release|Win32
		{A85E0822-48A6-4368-A8D3-8D1575415447}.OpenGLRelease|x64.ActiveCfg = Release|x64
		{A85E0822-48A6-4368-A8D3-8D1575415447}.OpenGLRelease|x64.Build.0 = Release|x64
		{A85E0822-48A6-4368-A8D3-8D1575415447}.RelDebug|Win32.ActiveCfg = Debug|Win32
		{A85E0822-48A6-4368-A8D3-8D1575415447}.RelDebug|Win32.Build.0 = Debug|Win32
		{A85E0822-48A6-4368-A8D3-8D1575415447}.RelDebug|x64.ActiveCfg = Debug|x64
		{A85E0822-48A6-4368-A8D3-8D1575415447}.RelDebug|x64.Build.0 = Debug|x64
		{A85E0822-48A6-4368-A8D3-8D1575415447}.Release|Win32.ActiveCfg = Release|Win32
		{A85E0822-48A6-4368-A8D3-8D1575415447}.Release|Win32.Build.0 = Release|Win32
		{A85E0822-48A6-4368-A8D3-8D1575415447}.Release|x64.ActiveCfg = Release|x64
		{A85E0822-48A6-4368-A8D3-8D1575415447}.Release|x64.Build.0 = Release|x64
		{FEE2F6D9-95C2-43BC-8C21-5D83FCEF026E}.Debug|Win32.ActiveCfg = Debug|Win32
		{FEE2F6D9-95C2-43BC-8C21-5D83FCEF026E}.Debug|Win32.Build.0 = Debug|Win32
		{FEE2F6D9-95C2-43BC-8C21-5D83FCEF026E}.Debug|x64.ActiveCfg = Debug|Win32
		{FEE2F6D9-95C2-43BC-8C21-5D83FCEF026E}.OpenGLDebug|Win32.ActiveCfg = OpenGLDebug|Win32
		{FEE2F6D9-95C2-43BC-8C21-5D83FCEF026E}.OpenGLDebug|Win32.Build.0 = OpenGLDebug|Win32
		{FEE2F6D9-95C2-43BC-8C21-5D83FCEF026E}.OpenGLDebug|x64.ActiveCfg = Debug|Win32
		{FEE2F6D9-95C2-43BC-8C21-5D83FCEF026E}.OpenGLESDebug|Win32.ActiveCfg = OpenGLESDebug|Win32
		{FEE2F6D9-95C2-43BC-8C21-5D83FCEF026E}.OpenGLESDebug|Win32.Build.0 = OpenGLESDebug|Win32
		{FEE2F6D9-95C2-43BC-8C21-5D83FCEF026E}.OpenGLESDebug|x64.ActiveCfg = OpenGLESDebug|Win32
		{FEE2F6D9-95C2-43BC-8C21-5D83FCEF026E}.OpenGLRelease|Win32.ActiveCfg = OpenGLRelease|Win32
		{FEE2F6D9-95C2-43BC-8C21-5D83FCEF026E}.OpenGLRelease|Win32.Build.0 = OpenGLRelease|Win32
		{FEE2F6D9-95C2-43BC-8C21-5D83FCEF026E}.OpenGLRelease|x64.ActiveCfg = Release|Win32
		{FEE2F6D9-95C2-43BC-8C21-5D83FCEF026E}.RelDebug|Win32.ActiveCfg = Debug|Win32
		{FEE2F6D9-95C2-43BC-8C21-5D83FCEF026E}.RelDebug|Win32.Build.0 = Debug|Win32
		{FEE2F6D9-95C2-43BC-8C21-5D83FCEF026E}.RelDebug|x64.ActiveCfg = Debug|Win32
		{FEE2F6D9-95C2-43BC-8C21-5D83FCEF026E}.Release|Win32.ActiveCfg = Release|Win32
		{FEE2F6D9-95C2-43BC-8C21-5D83FCEF026E}.Release|Win32.Build.0 = Release|Win32
		{FEE2F6D9-95C2-43BC-8C21-5D83FCEF026E}.Release|x64.ActiveCfg = Release|Win32
		{C76F34DF-E1F0-4AAD-89B4-0FCD474F43EC}.Debug|Win32.ActiveCfg = Debug|Win32
		{C76F34DF-E1F0-4AAD-89B4-0FCD474F43EC}.Debug|Win32.Build.0 = Debug|Win32
		{C76F34DF-E1F0-4AAD-89B4-0FCD474F43EC}.Debug|x64.ActiveCfg = Debug|x64
		{C76F34DF-E1F0-4AAD-89B4-0FCD474F43EC}.Debug|x64.Build.0 = Debug|x64
		{C76F34DF-E1F0-4AAD-89B4-0FCD474F43EC}.OpenGLDebug|Win32.ActiveCfg = OpenGLDebug|Win32
		{C76F34DF-E1F0-4AAD-89B4-0FCD474F43EC}.OpenGLDebug|Win32.Build.0 = OpenGLDebug|Win32
		{C76F34DF-E1F0-4AAD-89B4-0FCD474F43EC}.OpenGLDebug|x64.ActiveCfg = Debug|x64
		{C76F34DF-E1F0-4AAD-89B4-0FCD474F43EC}.OpenGLDebug|x64.Build.0 = Debug|x64
		{C76F34DF-E1F0-4AAD-89B4-0FCD474F43EC}.OpenGLESDebug|Win32.ActiveCfg = OpenGLESDebug|Win32
		{C76F34DF-E1F0-4AAD-89B4-0FCD474F43EC}.OpenGLESDebug|Win32.Build.0 = OpenGLESDebug|Win32
		{C76F34DF-E1F0-4AAD-89B4-0FCD474F43EC}.OpenGLESDebug|x64.ActiveCfg = OpenGLESDebug|x64
		{C76F34DF-E1F0-4AAD-89B4-0FCD474F43EC}.OpenGLESDebug|x64.Build.0 = OpenGLESDebug|x64
		{C76F34DF-E1F0-4AAD-89B4-0FCD474F43EC}.OpenGLRelease|Win32.ActiveCfg = OpenGLRelease|Win32
		{C76F34DF-E1F0-4AAD-89B4-0FCD474F43EC}.OpenGLRelease|Win32.Build.0 = OpenGLRelease|Win32
		{C76F34DF-E1F0-4AAD-89B4-0FCD474F43EC}.OpenGLRelease|x64.ActiveCfg = Release|x64
		{C76F34DF-E1F0-4AAD-89B4-0FCD474F43EC}.OpenGLRelease|x64.Build.0 = Release|x64
		{C76F34DF-E1F0-4AAD-89B4-0FCD474F43EC}.RelDebug|Win32.ActiveCfg = Debug|Win32
		{C76F34DF-E1F0-4AAD-89B4-0FCD474F43EC}.RelDebug|Win32.Build.0 = Debug|Win32
		{C76F34DF-E1F0-4AAD-89B4-0FCD474F43EC}.RelDebug|x64.ActiveCfg = Debug|x64
		{C76F34DF-E1F0-4AAD-89B4-0FCD474F43EC}.RelDebug|x64.Build.0 = Debug|x64
		{C76F34DF-E1F0-4AAD-89B4-0FCD474F43EC}.Release|Win32.ActiveCfg = Release|Win32
		{C76F34DF-E1F0-4AAD-89B4-0FCD474F43EC}.Release|Win32.Build.0 = Release|Win32
		{C76F34DF-E1F0-4AAD-89B4-0FCD474F43EC}.Release|x64.ActiveCfg = Release|x64
		{C76F34DF-E1F0-4AAD-89B4-0FCD474F43EC}.Release|x64.Build.0 = Release|x64
		{07E46348-2E5E-42A0-B3EF-5ACC7F2FC65F}.Debug|Win32.ActiveCfg = Debug|Win32
		{07E46348-2E5E-42A0-B3EF-5ACC7F2FC65F}.Debug|Win32.Build.0 = Debug|Win32
		{07E46348-2E5E-42A0-B3EF-5ACC7F2FC65F}.Debug|x64.ActiveCfg = Debug|x64
		{07E46348-2E5E-42A0-B3EF-5ACC7F2FC65F}.Debug|x64.Build.0 = Debug|x64
		{07E46348-2E5E-42A0-B3EF-5ACC7F2FC65F}.OpenGLDebug|Win32.ActiveCfg = OpenGLDebug|Win32
		{07E46348-2E5E-42A0-B3EF-5ACC7F2FC65F}.OpenGLDebug|Win32.Build.0 = OpenGLDebug|Win32
		{07E46348-2E5E-42A0-B3EF-5ACC7F2FC65F}.OpenGLDebug|x64.ActiveCfg = Debug|x64
		{07E46348-2E5E-42A0-B3EF-5ACC7F2FC65F}.OpenGLDebug|x64.Build.0 = Debug|x64
		{07E46348-2E5E-42A0-B3EF-5ACC7F2FC65F}.OpenGLESDebug|Win32.ActiveCfg = OpenGLESDebug|Win32
		{07E46348-2E5E-42A0-B3EF-5ACC7F2FC65F}.OpenGLESDebug|Win32.Build.0 = OpenGLESDebug|Win32
		{07E46348-2E5E-42A0-B3EF-5ACC7F2FC65F}.OpenGLESDebug|x64.ActiveCfg = OpenGLESDebug|x64
		{07E46348-2E5E-42A0-B3EF-5ACC7F2FC65F}.OpenGLESDebug|x64.Build.0 = OpenGLESDebug|x64
		{07E46348-2E5E-42A0-B3EF-5ACC7F2FC65F}.OpenGLRelease|Win32.ActiveCfg = OpenGLRelease|Win32
		{07E46348-2E5E-42A0-B3EF-5ACC7F2FC65F}.OpenGLRelease|Win32.Build.0 = OpenGLRelease|Win32
		{07E46348-2E5E-42A0-B3EF-5ACC7F2FC65F}.OpenGLRelease|x64.ActiveCfg = Release|x64
		{07E46348-2E5E-42A0-B3EF-5ACC7F2FC65F}.OpenGLRelease|x64.Build.0 = Release|x64
		{07E46348-2E5E-42A0-B3EF-5ACC7F2FC65F}.RelDebug|Win32.ActiveCfg = Debug|Win32
		{07E46348-2E5E-42A0-B3EF-5ACC7F2FC65F}.RelDebug|Win32.Build.0 = Debug|Win32
		{07E46348-2E5E-42A0-B3EF-5ACC7F2FC65F}.RelDebug|x64.ActiveCfg = Debug|x64
		{07E46348-2E5E-42A0-B3EF-5ACC7F2FC65F}.RelDebug|x64.Build.0 = Debug|x64
		{07E46348-2E5E-42A0-B3EF-5ACC7F2FC65F}.Release|Win32.ActiveCfg = Release|Win32
		{07E46348-2E5E-42A0-B3EF-5ACC7F2FC65F}.Release|Win32.Build.0 = Release|Win32
		{07E46348-2E5E-42A0-B3EF-5ACC7F2FC65F}.Release|x64.ActiveCfg = Release|x64
		{07E46348-2E5E-42A0-B3EF-5ACC7F2FC65F}.Release|x64.Build.0 = Release|x64
		{5C4D016F-D94C-4E42-8C19-DBDDD83A344D}.Debug|Win32.ActiveCfg = Debug|Win32
		{5C4D016F-D94C-4E42-8C19-DBDDD83A344D}.Debug|Win32.Build.0 = Debug|Win32
		{5C4D016F-D94C-4E42-8C19-DBDDD83A344D}.Debug|x64.ActiveCfg = Debug|x64
		{5C4D016F-D94C-4E42-8C19-DBDDD83A344D}.Debug|x64.Build.0 = Debug|x64
		{5C4D016F-D94C-4E42-8C19-DBDDD83A344D}.OpenGLDebug|Win32.ActiveCfg = Debug|Win32
		{5C4D016F-D94C-4E42-8C19-DBDDD83A344D}.OpenGLDebug|Win32.Build.0 = Debug|Win32
		{5C4D016F-D94C-4E42-8C19-DBDDD83A344D}.OpenGLDebug|x64.ActiveCfg = Debug|x64
		{5C4D016F-D94C-4E42-8C19-DBDDD83A344D}.OpenGLDebug|x64.Build.0 = Debug|x64
		{5C4D016F-D94C-4E42-8C19-DBDDD83A344D}.OpenGLESDebug|Win32.ActiveCfg = Debug|Win32
		{5C4D016F-D94C-4E42-8C19-DBDDD83A344D}.OpenGLESDebug|Win32.Build.0 = Debug|Win32
		{5C4D016F-D94C-4E42-8C19-DBDDD83A344D}.OpenGLESDebug|x64.ActiveCfg = Debug|x64
		{5C4D016F-D94C-4E42-8C19-DBDDD83A344D}.OpenGLESDebug|x64.Build.0 = Debug|x64
		{5C4D016F-D94C-4E42-8C19-DBDDD83A344D}.OpenGLRelease|Win32.ActiveCfg = Release|Win32
		{5C4D016F-D94C-4E42-8C19-DBDDD83A344D}.OpenGLRelease|Win32.Build.0 = Release|Win32
		{5C4D016F-D94C-4E42-8C19-DBDDD83A344D}.OpenGLRelease|x64.ActiveCfg = Release|x64
		{5C4D016F-D94C-4E42-8C19-DBDDD83A344D}.OpenGLRelease|x64.Build.0 = Release|x64
		{5C4D016F-D94C-4E42-8C19-DBDDD83A344D}.RelDebug|Win32.ActiveCfg = Debug|Win32
		{5C4D016F-D94C-4E42-8C19-DBDDD83A344D}.RelDebug|Win32.Build.0 = Debug|Win32
		{5C4D016F-D94C-4E42-8C19-DBDDD83A344D}.RelDebug|x64.ActiveCfg = Debug|x64
		{5C4D016F-D94C-4E42-8C19-DBDDD83A344D}.RelDebug|x64.Build.0 = Debug|x64
		{5C4D016F-D94C-4E42-8C19-DBDDD83A344D}.Release|Win32.ActiveCfg = Release|Win32
		{5C4D016F-D94C-4E42-8C19-DBDDD83A344D}.Release|Win32.Build.0 = Release|Win32
		{5C4D016F-D94C-4E42-8C19-DBDDD83A344D}.Release|x64.ActiveCfg = Release|x64
		{5C4D016F-D94C-4E42-8C19-DBDDD83A344D}.Release|x64.Build.0 = Release|x64
		{7603822D-5644-46CD-BBFD-124158190C9F}.Debug|Win32.ActiveCfg = Debug|Win32
		{7603822D-5644-46CD-BBFD-124158190C9F}.Debug|Win32.Build.0 = Debug|Win32
		{7603822D-5644-46CD-BBFD-124158190C9F}.Debug|x64.ActiveCfg = Debug|x64
		{7603822D-5644-46CD-BBFD-124158190C9F}.Debug|x64.Build.0 = Debug|x64
		{7603822D-5644-46CD-BBFD-124158190C9F}.OpenGLDebug|Win32.ActiveCfg = OpenGLDebug|Win32
		{7603822D-5644-46CD-BBFD-124158190C9F}.OpenGLDebug|Win32.Build.0 = OpenGLDebug|Win32
		{7603822D-5644-46CD-BBFD-124158190C9F}.OpenGLDebug|x64.ActiveCfg = OpenGLDebug|x64
		{7603822D-5644-46CD-BBFD-124158190C9F}.OpenGLDebug|x64.Build.0 = OpenGLDebug|x64
		{7603822D-5644-46CD-BBFD-124158190C9F}.OpenGLESDebug|Win32.ActiveCfg = OpenGLRelease|Win32
		{7603822D-5644-46CD-BBFD-124158190C9F}.OpenGLESDebug|Win32.Build.0 = OpenGLRelease|Win32
		{7603822D-5644-46CD-BBFD-124158190C9F}.OpenGLESDebug|x64.ActiveCfg = OpenGLRelease|x64
		{7603822D-5644-46CD-BBFD-124158190C9F}.OpenGLESDebug|x64.Build.0 = OpenGLRelease|x64
		{7603822D-5644-46CD-BBFD-124158190C9F}.OpenGLRelease|Win32.ActiveCfg = OpenGLRelease|Win32
		{7603822D-5644-46CD-BBFD-124158190C9F}.OpenGLRelease|Win32.Build.0 = OpenGLRelease|Win32
		{7603822D-5644-46CD-BBFD-124158190C9F}.OpenGLRelease|x64.ActiveCfg = OpenGLRelease|x64
		{7603822D-5644-46CD-BBFD-124158190C9F}.OpenGLRelease|x64.Build.0 = OpenGLRelease|x64
		{7603822D-5644-46CD-BBFD-124158190C9F}.RelDebug|Win32.ActiveCfg = Debug|Win32
		{7603822D-5644-46CD-BBFD-124158190C9F}.RelDebug|Win32.Build.0 = Debug|Win32
		{7603822D-5644-46CD-BBFD-124158190C9F}.RelDebug|x64.ActiveCfg = Debug|x64
		{7603822D-5644-46CD-BBFD-124158190C9F}.RelDebug|x64.Build.0 = Debug|x64
		{7603822D-5644-46CD-BBFD-124158190C9F}.Release|Win32.ActiveCfg = Release|Win32
		{7603822D-5644-46CD-BBFD-124158190C9F}.Release|Win32.Build.0 = Release|Win32
		{7603822D-5644-46CD-BBFD-124158190C9F}.Release|x64.ActiveCfg = Release|x64
		{7603822D-5644-46CD-BBFD-124158190C9F}.Release|x64.Build.0 = Release|x64
		{25A7930D-F0AE-4C05-AB83-6B44F07D27A6}.Debug|Win32.ActiveCfg = Debug|Win32
		{25A7930D-F0AE-4C05-AB83-6B44F07D27A6}.Debug|Win32.Build.0 = Debug|Win32
		{25A7930D-F0AE-4C05-AB83-6B44F07D27A6}.Debug|x64.ActiveCfg = Debug|x64
		{25A7930D-F0AE-4C05-AB83-6B44F07D27A6}.Debug|x64.Build.0 = Debug|x64
		{25A7930D-F0AE-4C05-AB83-6B44F07D27A6}.OpenGLDebug|Win32.ActiveCfg = Debug|Win32
		{25A7930D-F0AE-4C05-AB83-6B44F07D27A6}.OpenGLDebug|Win32.Build.0 = Debug|Win32
		{25A7930D-F0AE-4C05-AB83-6B44F07D27A6}.OpenGLDebug|x64.ActiveCfg = Debug|x64
		{25A7930D-F0AE-4C05-AB83-6B44F07D27A6}.OpenGLDebug|x64.Build.0 = Debug|x64
		{25A7930D-F0AE-4C05-AB83-6B44F07D27A6}.OpenGLESDebug|Win32.ActiveCfg = Debug|Win32
		{25A7930D-F0AE-4C05-AB83-6B44F07D27A6}.OpenGLESDebug|Win32.Build.0 = Debug|Win32
		{25A7930D-F0AE-4C05-AB83-6B44F07D27A6}.OpenGLESDebug|x64.ActiveCfg = Debug|x64
		{25A7930D-F0AE-4C05-AB83-6B44F07D27A6}.OpenGLESDebug|x64.Build.0 = Debug|x64
		{25A7930D-F0AE-4C05-AB83-6B44F07D27A6}.OpenGLRelease|Win32.ActiveCfg = Release|Win32
		{25A7930D-F0AE-4C05-AB83-6B44F07D27A6}.OpenGLRelease|Win32.Build.0 = Release|Win32
		{25A7930D-F0AE-4C05-AB83-6B44F07D27A6}.OpenGLRelease|x64.ActiveCfg = Release|x64
		{25A7930D-F0AE-4C05-AB83-6B44F07D27A6}.OpenGLRelease|x64.Build.0 = Release|x64
		{25A7930D-F0AE-4C05-AB83-6B44F07D27A6}.RelDebug|Win32.ActiveCfg = Debug|Win32
		{25A7930D-F0AE-4C05-AB83-6B44F07D27A6}.RelDebug|Win32.Build.0 = Debug|Win32
		{25A7930D-F0AE-4C05-AB83-6B44F07D27A6}.RelDebug|x64.ActiveCfg = Debug|x64
		{25A7930D-F0AE-4C05-AB83-6B44F07D27A6}.RelDebug|x64.Build.0 = Debug|x64
		{25A7930D-F0AE-4C05-AB83-6B44F07D27A6}.Release|Win32.ActiveCfg = Release|Win32
		{25A7930D-F0AE-4C05-AB83-6B44F07D27A6}.Release|Win32.Build.0 = Release|Win32
		{25A7930D-F0AE-4C05-AB83-6B44F07D27A6}.Release|x64.ActiveCfg = Release|x64
		{25A7930D-F0AE-4C05-AB83-6B44F07D27A6}.Release|x64.Build.0 = Release|x64
		{028CD2AA-AD64-41E2-8B5D-23A81CCB1068}.Debug|Win32.ActiveCfg = Debug|Win32
		{028CD2AA-AD64-41E2-8B5D-23A81CCB1068}.Debug|Win32.Build.0 = Debug|Win32
		{028CD2AA-AD64-41E2-8B5D-23A81CCB1068}.Debug|x64.ActiveCfg = Debug|x64
		{028CD2AA-AD64-41E2-8B5D-23A81CCB1068}.Debug|x64.Build.0 = Debug|x64
		{028CD2AA-AD64-41E2-8B5D-23A81CCB1068}.OpenGLDebug|Win32.ActiveCfg = OpenGLDebug|Win32
		{028CD2AA-AD64-41E2-8B5D-23A81CCB1068}.OpenGLDebug|Win32.Build.0 = OpenGLDebug|Win32
		{028CD2AA-AD64-41E2-8B5D-23A81CCB1068}.OpenGLDebug|x64.ActiveCfg = OpenGLDebug|x64
		{028CD2AA-AD64-41E2-8B5D-23A81CCB1068}.OpenGLDebug|x64.Build.0 = OpenGLDebug|x64
		{028CD2AA-AD64-41E2-8B5D-23A81CCB1068}.OpenGLESDebug|Win32.ActiveCfg = OpenGLESDebug|Win32
		{028CD2AA-AD64-41E2-8B5D-23A81CCB1068}.OpenGLESDebug|Win32.Build.0 = OpenGLESDebug|Win32
		{028CD2AA-AD64-41E2-8B5D-23A81CCB1068}.OpenGLESDebug|x64.ActiveCfg = OpenGLESDebug|x64
		{028CD2AA-AD64-41E2-8B5D-23A81CCB1068}.OpenGLESDebug|x64.Build.0 = OpenGLESDebug|x64
		{028CD2AA-AD64-41E2-8B5D-23A81CCB1068}.OpenGLRelease|Win32.ActiveCfg = OpenGLRelease|Win32
		{028CD2AA-AD64-41E2-8B5D-23A81CCB1068}.OpenGLRelease|Win32.Build.0 = OpenGLRelease|Win32
		{028CD2AA-AD64-41E2-8B5D-23A81CCB1068}.OpenGLRelease|x64.ActiveCfg = OpenGLRelease|x64
		{028CD2AA-AD64-41E2-8B5D-23A81CCB1068}.OpenGLRelease|x64.Build.0 = OpenGLRelease|x64
		{028CD2AA-AD64-41E2-8B5D-23A81CCB1068}.RelDebug|Win32.ActiveCfg = Debug|Win32
		{028CD2AA-AD64-41E2-8B5D-23A81CCB1068}.RelDebug|Win32.Build.0 = Debug|Win32
		{028CD2AA-AD64-41E2-8B5D-23A81CCB1068}.RelDebug|x64.ActiveCfg = Debug|x64
		{028CD2AA-AD64-41E2-8B5D-23A81CCB1068}.RelDebug|x64.Build.0 = Debug|x64
		{028CD2AA-AD64-41E2-8B5D-23A81CCB1068}.Release|Win32.ActiveCfg = Release|Win32
		{028CD2AA-AD64-41E2-8B5D-23A81CCB1068}.Release|Win32.Build.0 = Release|Win32
		{028CD2AA-AD64-41E2-8B5D-23A81CCB1068}.Release|x64.ActiveCfg = Release|x64
		{028CD2AA-AD64-41E2-8B5D-23A81CCB1068}.Release|x64.Build.0 = Release|x64
		{185B29A6-EF04-4E37-BBE4-ED732A7BCF4D}.Debug|Win32.ActiveCfg = Debug|Win32
		{185B29A6-EF04-4E37-BBE4-ED732A7BCF4D}.Debug|Win32.Build.0 = Debug|Win32
		{185B29A6-EF04-4E37-BBE4-ED732A7BCF4D}.Debug|x64.ActiveCfg = Debug|Win32
		{185B29A6-EF04-4E37-BBE4-ED732A7BCF4D}.OpenGLDebug|Win32.ActiveCfg = OpenGLDebug|Win32
		{185B29A6-EF04-4E37-BBE4-ED732A7BCF4D}.OpenGLDebug|Win32.Build.0 = OpenGLDebug|Win32
		{185B29A6-EF04-4E37-BBE4-ED732A7BCF4D}.OpenGLDebug|x64.ActiveCfg = OpenGLDebug|Win32
		{185B29A6-EF04-4E37-BBE4-ED732A7BCF4D}.OpenGLESDebug|Win32.ActiveCfg = OpenGLESDebug|Win32
		{185B29A6-EF04-4E37-BBE4-ED732A7BCF4D}.OpenGLESDebug|Win32.Build.0 = OpenGLESDebug|Win32
		{185B29A6-EF04-4E37-BBE4-ED732A7BCF4D}.OpenGLESDebug|x64.ActiveCfg = OpenGLESDebug|Win32
		{185B29A6-EF04-4E37-BBE4-ED732A7BCF4D}.OpenGLRelease|Win32.ActiveCfg = OpenGLRelease|Win32
		{185B29A6-EF04-4E37-BBE4-ED732A7BCF4D}.OpenGLRelease|Win32.Build.0 = OpenGLRelease|Win32
		{185B29A6-EF04-4E37-BBE4-ED732A7BCF4D}.OpenGLRelease|x64.ActiveCfg = OpenGLRelease|Win32
		{185B29A6-EF04-4E37-BBE4-ED732A7BCF4D}.RelDebug|Win32.ActiveCfg = Debug|Win32
		{185B29A6-EF04-4E37-BBE4-ED732A7BCF4D}.RelDebug|Win32.Build.0 = Debug|Win32
		{185B29A6-EF04-4E37-BBE4-ED732A7BCF4D}.RelDebug|x64.ActiveCfg = OpenGLRelease|Win32
		{185B29A6-EF04-4E37-BBE4-ED732A7BCF4D}.RelDebug|x64.Build.0 = OpenGLRelease|Win32
		{185B29A6-EF04-4E37-BBE4-ED732A7BCF4D}.Release|Win32.ActiveCfg = Release|Win32
		{185B29A6-EF04-4E37-BBE4-ED732A7BCF4D}.Release|Win32.Build.0 = Release|Win32
		{185B29A6-EF04-4E37-BBE4-ED732A7BCF4D}.Release|x64.ActiveCfg = Release|Win32
		{2025810E-E136-4274-A0E1-B04973C22A5C}.Debug|Win32.ActiveCfg = Debug|Win32
		{2025810E-E136-4274-A0E1-B04973C22A5C}.Debug|Win32.Build.0 = Debug|Win32
		{2025810E-E136-4274-A0E1-B04973C22A5C}.Debug|x64.ActiveCfg = Debug|x64
		{2025810E-E136-4274-A0E1-B04973C22A5C}.Debug|x64.Build.0 = Debug|x64
		{2025810E-E136-4274-A0E1-B04973C22A5C}.OpenGLDebug|Win32.ActiveCfg = OpenGLRelease|Win32
		{2025810E-E136-4274-A0E1-B04973C22A5C}.OpenGLDebug|Win32.Build.0 = OpenGLRelease|Win32
		{2025810E-E136-4274-A0E1-B04973C22A5C}.OpenGLDebug|x64.ActiveCfg = OpenGLRelease|x64
		{2025810E-E136-4274-A0E1-B04973C22A5C}.OpenGLDebug|x64.Build.0 = OpenGLRelease|x64
		{2025810E-E136-4274-A0E1-B04973C22A5C}.OpenGLESDebug|Win32.ActiveCfg = OpenGLRelease|Win32
		{2025810E-E136-4274-A0E1-B04973C22A5C}.OpenGLESDebug|Win32.Build.0 = OpenGLRelease|Win32
		{2025810E-E136-4274-A0E1-B04973C22A5C}.OpenGLESDebug|x64.ActiveCfg = OpenGLRelease|x64
		{2025810E-E136-4274-A0E1-B04973C22A5C}.OpenGLESDebug|x64.Build.0 = OpenGLRelease|x64
		{2025810E-E136-4274-A0E1-B04973C22A5C}.OpenGLRelease|Win32.ActiveCfg = OpenGLRelease|Win32
		{2025810E-E136-4274-A0E1-B04973C22A5C}.OpenGLRelease|Win32.Build.0 = OpenGLRelease|Win32
		{2025810E-E136-4274-A0E1-B04973C22A5C}.OpenGLRelease|x64.ActiveCfg = OpenGLRelease|x64
		{2025810E-E136-4274-A0E1-B04973C22A5C}.OpenGLRelease|x64.Build.0 = OpenGLRelease|x64
		{2025810E-E136-4274-A0E1-B04973C22A5C}.RelDebug|Win32.ActiveCfg = Debug|Win32
		{2025810E-E136-4274-A0E1-B04973C22A5C}.RelDebug|Win32.Build.0 = Debug|Win32
		{2025810E-E136-4274-A0E1-B04973C22A5C}.RelDebug|x64.ActiveCfg = Debug|x64
		{2025810E-E136-4274-A0E1-B04973C22A5C}.RelDebug|x64.Build.0 = Debug|x64
		{2025810E-E136-4274-A0E1-B04973C22A5C}.Release|Win32.ActiveCfg = Release|Win32
		{2025810E-E136-4274-A0E1-B04973C22A5C}.Release|Win32.Build.0 = Release|Win32
		{2025810E-E136-4274-A0E1-B04973C22A5C}.Release|x64.ActiveCfg = Release|x64
		{2025810E-E136-4274-A0E1-B04973C22A5C}.Release|x64.Build.0 = Release|x64
		{5F13A712-E5E5-4D11-9875-9A1B8938154C}.Debug|Win32.ActiveCfg = Debug|Win32
		{5F13A712-E5E5-4D11-9875-9A1B8938154C}.Debug|Win32.Build.0 = Debug|Win32
		{5F13A712-E5E5-4D11-9875-9A1B8938154C}.Debug|x64.ActiveCfg = Debug|Win32
		{5F13A712-E5E5-4D11-9875-9A1B8938154C}.OpenGLDebug|Win32.ActiveCfg = OpenGLDebug|Win32
		{5F13A712-E5E5-4D11-9875-9A1B8938154C}.OpenGLDebug|Win32.Build.0 = OpenGLDebug|Win32
		{5F13A712-E5E5-4D11-9875-9A1B8938154C}.OpenGLDebug|x64.ActiveCfg = OpenGLDebug|Win32
		{5F13A712-E5E5-4D11-9875-9A1B8938154C}.OpenGLESDebug|Win32.ActiveCfg = OpenGLESDebug|Win32
		{5F13A712-E5E5-4D11-9875-9A1B8938154C}.OpenGLESDebug|Win32.Build.0 = OpenGLESDebug|Win32
		{5F13A712-E5E5-4D11-9875-9A1B8938154C}.OpenGLESDebug|x64.ActiveCfg = OpenGLESDebug|Win32
		{5F13A712-E5E5-4D11-9875-9A1B8938154C}.OpenGLRelease|Win32.ActiveCfg = OpenGLRelease|Win32
		{5F13A712-E5E5-4D11-9875-9A1B8938154C}.OpenGLRelease|Win32.Build.0 = OpenGLRelease|Win32
		{5F13A712-E5E5-4D11-9875-9A1B8938154C}.OpenGLRelease|x64.ActiveCfg = OpenGLRelease|Win32
		{5F13A712-E5E5-4D11-9875-9A1B8938154C}.RelDebug|Win32.ActiveCfg = Debug|Win32
		{5F13A712-E5E5-4D11-9875-9A1B8938154C}.RelDebug|Win32.Build.0 = Debug|Win32
		{5F13A712-E5E5-4D11-9875-9A1B8938154C}.RelDebug|x64.ActiveCfg = OpenGLRelease|Win32
		{5F13A712-E5E5-4D11-9875-9A1B8938154C}.RelDebug|x64.Build.0 = OpenGLRelease|Win32
		{5F13A712-E5E5-4D11-9875-9A1B8938154C}.Release|Win32.ActiveCfg = Release|Win32
		{5F13A712-E5E5-4D11-9875-9A1B8938154C}.Release|Win32.Build.0 = Release|Win32
		{5F13A712-E5E5-4D11-9875-9A1B8938154C}.Release|x64.ActiveCfg = Release|Win32
		{1927ABF2-3006-48F7-A4A8-E389EA9744F4}.Debug|Win32.ActiveCfg = Debug|Win32
		{1927ABF2-3006-48F7-A4A8-E389EA9744F4}.Debug|Win32.Build.0 = Debug|Win32
		{1927ABF2-3006-48F7-A4A8-E389EA9744F4}.Debug|x64.ActiveCfg = Debug|x64
		{1927ABF2-3006-48F7-A4A8-E389EA9744F4}.Debug|x64.Build.0 = Debug|x64
		{1927ABF2-3006-48F7-A4A8-E389EA9744F4}.OpenGLDebug|Win32.ActiveCfg = OpenGLDebug|Win32
		{1927ABF2-3006-48F7-A4A8-E389EA9744F4}.OpenGLDebug|Win32.Build.0 = OpenGLDebug|Win32
		{1927ABF2-3006-48F7-A4A8-E389EA9744F4}.OpenGLDebug|x64.ActiveCfg = OpenGLDebug|x64
		{1927ABF2-3006-48F7-A4A8-E389EA9744F4}.OpenGLDebug|x64.Build.0 = OpenGLDebug|x64
		{1927ABF2-3006-48F7-A4A8-E389EA9744F4}.OpenGLESDebug|Win32.ActiveCfg = OpenGLRelease|Win32
		{1927ABF2-3006-48F7-A4A8-E389EA9744F4}.OpenGLESDebug|Win32.Build.0 = OpenGLRelease|Win32
		{1927ABF2-3006-48F7-A4A8-E389EA9744F4}.OpenGLESDebug|x64.ActiveCfg = OpenGLRelease|x64
		{1927ABF2-3006-48F7-A4A8-E389EA9744F4}.OpenGLESDebug|x64.Build.0 = OpenGLRelease|x64
		{1927ABF2-3006-48F7-A4A8-E389EA9744F4}.OpenGLRelease|Win32.ActiveCfg = OpenGLRelease|Win32
		{1927ABF2-3006-48F7-A4A8-E389EA9744F4}.OpenGLRelease|Win32.Build.0 = OpenGLRelease|Win32
		{1927ABF2-3006-48F7-A4A8-E389EA9744F4}.OpenGLRelease|x64.ActiveCfg = OpenGLRelease|x64
		{1927ABF2-3006-48F7-A4A8-E389EA9744F4}.OpenGLRelease|x64.Build.0 = OpenGLRelease|x64
		{1927ABF2-3006-48F7-A4A8-E389EA9744F4}.RelDebug|Win32.ActiveCfg = Debug|Win32
		{1927ABF2-3006-48F7-A4A8-E389EA9744F4}.RelDebug|Win32.Build.0 = Debug|Win32
		{1927ABF2-3006-48F7-A4A8-E389EA9744F4}.RelDebug|x64.ActiveCfg = Debug|x64
		{1927ABF2-3006-48F7-A4A8-E389EA9744F4}.RelDebug|x64.Build.0 = Debug|x64
		{1927ABF2-3006-48F7-A4A8-E389EA9744F4}.Release|Win32.ActiveCfg = Release|Win32
		{1927ABF2-3006-48F7-A4A8-E389EA9744F4}.Release|Win32.Build.0 = Release|Win32
		{1927ABF2-3006-48F7-A4A8-E389EA9744F4}.Release|x64.ActiveCfg = Release|x64
		{1927ABF2-3006-48F7-A4A8-E389EA9744F4}.Release|x64.Build.0 = Release|x64
		{6DC2EA7F-E2AC-4B58-AD4E-4D8FF755EE97}.Debug|Win32.ActiveCfg = Debug|Win32
		{6DC2EA7F-E2AC-4B58-AD4E-4D8FF755EE97}.Debug|Win32.Build.0 = Debug|Win32
		{6DC2EA7F-E2AC-4B58-AD4E-4D8FF755EE97}.Debug|x64.ActiveCfg = Debug|x64
		{6DC2EA7F-E2AC-4B58-AD4E-4D8FF755EE97}.Debug|x64.Build.0 = Debug|x64
		{6DC2EA7F-E2AC-4B58-AD4E-4D8FF755EE97}.OpenGLDebug|Win32.ActiveCfg = Debug|Win32
		{6DC2EA7F-E2AC-4B58-AD4E-4D8FF755EE97}.OpenGLDebug|Win32.Build.0 = Debug|Win32
		{6DC2EA7F-E2AC-4B58-AD4E-4D8FF755EE97}.OpenGLDebug|x64.ActiveCfg = Debug|x64
		{6DC2EA7F-E2AC-4B58-AD4E-4D8FF755EE97}.OpenGLDebug|x64.Build.0 = Debug|x64
		{6DC2EA7F-E2AC-4B58-AD4E-4D8FF755EE97}.OpenGLESDebug|Win32.ActiveCfg = Debug|Win32
		{6DC2EA7F-E2AC-4B58-AD4E-4D8FF755EE97}.OpenGLESDebug|Win32.Build.0 = Debug|Win32
		{6DC2EA7F-E2AC-4B58-AD4E-4D8FF755EE97}.OpenGLESDebug|x64.ActiveCfg = Debug|x64
		{6DC2EA7F-E2AC-4B58-AD4E-4D8FF755EE97}.OpenGLESDebug|x64.Build.0 = Debug|x64
		{6DC2EA7F-E2AC-4B58-AD4E-4D8FF755EE97}.OpenGLRelease|Win32.ActiveCfg = Release|Win32
		{6DC2EA7F-E2AC-4B58-AD4E-4D8FF755EE97}.OpenGLRelease|Win32.Build.0 = Release|Win32
		{6DC2EA7F-E2AC-4B58-AD4E-4D8FF755EE97}.OpenGLRelease|x64.ActiveCfg = Release|x64
		{6DC2EA7F-E2AC-4B58-AD4E-4D8FF755EE97}.OpenGLRelease|x64.Build.0 = Release|x64
		{6DC2EA7F-E2AC-4B58-AD4E-4D8FF755EE97}.RelDebug|Win32.ActiveCfg = Debug|Win32
		{6DC2EA7F-E2AC-4B58-AD4E-4D8FF755EE97}.RelDebug|Win32.Build.0 = Debug|Win32
		{6DC2EA7F-E2AC-4B58-AD4E-4D8FF755EE97}.RelDebug|x64.ActiveCfg = Debug|x64
		{6DC2EA7F-E2AC-4B58-AD4E-4D8FF755EE97}.RelDebug|x64.Build.0 = Debug|x64
		{6DC2EA7F-E2AC-4B58-AD4E-4D8FF755EE97}.Release|Win32.ActiveCfg = Release|Win32
		{6DC2EA7F-E2AC-4B58-AD4E-4D8FF755EE97}.Release|Win32.Build.0 = Release|Win32
		{6DC2EA7F-E2AC-4B58-AD4E-4D8FF755EE97}.Release|x64.ActiveCfg = Release|x64
		{6DC2EA7F-E2AC-4B58-AD4E-4D8FF755EE97}.Release|x64.Build.0 = Release|x64
		{D29B1693-B327-4FA3-A29B-FDE352AACF33}.Debug|Win32.ActiveCfg = Debug|Win32
		{D29B1693-B327-4FA3-A29B-FDE352AACF33}.Debug|Win32.Build.0 = Debug|Win32
		{D29B1693-B327-4FA3-A29B-FDE352AACF33}.Debug|x64.ActiveCfg = Debug|x64
		{D29B1693-B327-4FA3-A29B-FDE352AACF33}.Debug|x64.Build.0 = Debug|x64
		{D29B1693-B327-4FA3-A29B-FDE352AACF33}.OpenGLDebug|Win32.ActiveCfg = OpenGLRelease|Win32
		{D29B1693-B327-4FA3-A29B-FDE352AACF33}.OpenGLDebug|Win32.Build.0 = OpenGLRelease|Win32
		{D29B1693-B327-4FA3-A29B-FDE352AACF33}.OpenGLDebug|x64.ActiveCfg = OpenGLRelease|x64
		{D29B1693-B327-4FA3-A29B-FDE352AACF33}.OpenGLDebug|x64.Build.0 = OpenGLRelease|x64
		{D29B1693-B327-4FA3-A29B-FDE352AACF33}.OpenGLESDebug|Win32.ActiveCfg = OpenGLRelease|Win32
		{D29B1693-B327-4FA3-A29B-FDE352AACF33}.OpenGLESDebug|Win32.Build.0 = OpenGLRelease|Win32
		{D29B1693-B327-4FA3-A29B-FDE352AACF33}.OpenGLESDebug|x64.ActiveCfg = OpenGLRelease|x64
		{D29B1693-B327-4FA3-A29B-FDE352AACF33}.OpenGLESDebug|x64.Build.0 = OpenGLRelease|x64
		{D29B1693-B327-4FA3-A29B-FDE352AACF33}.OpenGLRelease|Win32.ActiveCfg = OpenGLRelease|Win32
		{D29B1693-B327-4FA3-A29B-FDE352AACF33}.OpenGLRelease|Win32.Build.0 = OpenGLRelease|Win32
		{D29B1693-B327-4FA3-A29B-FDE352AACF33}.OpenGLRelease|x64.ActiveCfg = OpenGLRelease|x64
		{D29B1693-B327-4FA3-A29B-FDE352AACF33}.OpenGLRelease|x64.Build.0 = OpenGLRelease|x64
		{D29B1693-B327-4FA3-A29B-FDE352AACF33}.RelDebug|Win32.ActiveCfg = Debug|Win32
		{D29B1693-B327-4FA3-A29B-FDE352AACF33}.RelDebug|Win32.Build.0 = Debug|Win32
		{D29B1693-B327-4FA3-A29B-FDE352AACF33}.RelDebug|x64.ActiveCfg = Debug|x64
		{D29B1693-B327-4FA3-A29B-FDE352AACF33}.RelDebug|x64.Build.0 = Debug|x64
		{D29B1693-B327-4FA3-A29B-FDE352AACF33}.Release|Win32.ActiveCfg = Release|Win32
		{D29B1693-B327-4FA3-A29B-FDE352AACF33}.Release|Win32.Build.0 = Release|Win32
		{D29B1693-B327-4FA3-A29B-FDE352AACF33}.Release|x64.ActiveCfg = Release|x64
		{D29B1693-B327-4FA3-A29B-FDE352AACF33}.Release|x64.Build.0 = Release|x64
	EndGlobalSection
	GlobalSection(SolutionProperties) = preSolution
		HideSolutionNode = FALSE
	EndGlobalSection
	GlobalSection(NestedProjects) = preSolution
		{CC93BCA6-6B15-4859-88DC-0747C4A06BCA} = {22C99FB5-AE52-43FE-8E50-65A40BE5A9D8}
		{739203C8-CB6E-4114-873E-2BE156583909} = {3061A278-08DA-461A-AF39-C006ACDC335B}
		{0F2DDA09-4937-46B3-BAF9-62DA979772A6} = {6F9C753A-F093-4AD9-A05F-A718FF5A0982}
		{5B6ECEEC-AA17-4FE8-B332-0406DDC27CE3} = {6F9C753A-F093-4AD9-A05F-A718FF5A0982}
		{A85E0822-48A6-4368-A8D3-8D1575415447} = {3061A278-08DA-461A-AF39-C006ACDC335B}
		{75AFCD41-18E7-4EE3-8D80-F98313C54F95} = {C73BBAF5-B35C-4A0D-8676-213D8CEA5FDA}
		{237CB297-08B1-4E2F-B048-47741039C83C} = {C73BBAF5-B35C-4A0D-8676-213D8CEA5FDA}
		{3061A278-08DA-461A-AF39-C006ACDC335B} = {C73BBAF5-B35C-4A0D-8676-213D8CEA5FDA}
		{FEE2F6D9-95C2-43BC-8C21-5D83FCEF026E} = {953BE5F2-8929-4839-A33C-3A5C8DA4AA7E}
		{C76F34DF-E1F0-4AAD-89B4-0FCD474F43EC} = {FFF02673-1EA7-4DC2-A113-40EA24A2DC08}
		{07E46348-2E5E-42A0-B3EF-5ACC7F2FC65F} = {FFF02673-1EA7-4DC2-A113-40EA24A2DC08}
		{5C4D016F-D94C-4E42-8C19-DBDDD83A344D} = {237CB297-08B1-4E2F-B048-47741039C83C}
		{7603822D-5644-46CD-BBFD-124158190C9F} = {FFF02673-1EA7-4DC2-A113-40EA24A2DC08}
		{25A7930D-F0AE-4C05-AB83-6B44F07D27A6} = {237CB297-08B1-4E2F-B048-47741039C83C}
		{028CD2AA-AD64-41E2-8B5D-23A81CCB1068} = {A4BBF7E5-8154-454C-A3BF-69E640F00D21}
		{185B29A6-EF04-4E37-BBE4-ED732A7BCF4D} = {0F2DDA09-4937-46B3-BAF9-62DA979772A6}
		{2025810E-E136-4274-A0E1-B04973C22A5C} = {0F2DDA09-4937-46B3-BAF9-62DA979772A6}
		{5F13A712-E5E5-4D11-9875-9A1B8938154C} = {0F2DDA09-4937-46B3-BAF9-62DA979772A6}
		{1927ABF2-3006-48F7-A4A8-E389EA9744F4} = {953BE5F2-8929-4839-A33C-3A5C8DA4AA7E}
		{6DC2EA7F-E2AC-4B58-AD4E-4D8FF755EE97} = {953BE5F2-8929-4839-A33C-3A5C8DA4AA7E}
		{D29B1693-B327-4FA3-A29B-FDE352AACF33} = {0F2DDA09-4937-46B3-BAF9-62DA979772A6}
	EndGlobalSection
EndGlobal
