<?xml version="1.0" encoding="utf-8"?>
<Project ToolsVersion="4.0" xmlns="http://schemas.microsoft.com/developer/msbuild/2003">
  <ItemGroup>
    <Filter Include="ソース ファイル">
      <UniqueIdentifier>{4FC737F1-C7A5-4376-A066-2A32D752A2FF}</UniqueIdentifier>
      <Extensions>cpp;c;cxx;def;odl;idl;hpj;bat;asm;asmx</Extensions>
    </Filter>
    <Filter Include="ヘッダー ファイル">
      <UniqueIdentifier>{93995380-89BD-4b04-88EB-625FBE52EBFB}</UniqueIdentifier>
      <Extensions>h;hpp;hxx;hm;inl;inc;xsd</Extensions>
    </Filter>
    <Filter Include="リソース ファイル">
      <UniqueIdentifier>{67DA6AB6-F800-4c08-8B7A-83BB121AAD01}</UniqueIdentifier>
      <Extensions>rc;ico;cur;bmp;dlg;rc2;rct;bin;rgs;gif;jpg;jpeg;jpe;resx</Extensions>
    </Filter>
  </ItemGroup>
  <ItemGroup>
    <ClCompile Include="..\..\src\bin\tolua.c">
      <Filter>ソース ファイル</Filter>
    </ClCompile>
    <ClCompile Include="..\..\src\lib\tolua_event.c">
      <Filter>ソース ファイル</Filter>
    </ClCompile>
    <ClCompile Include="..\..\src\lib\tolua_is.c">
      <Filter>ソース ファイル</Filter>
    </ClCompile>
    <ClCompile Include="..\..\src\lib\tolua_map.c">
      <Filter>ソース ファイル</Filter>
    </ClCompile>
    <ClCompile Include="..\..\src\lib\tolua_push.c">
      <Filter>ソース ファイル</Filter>
    </ClCompile>
    <ClCompile Include="..\..\src\lib\tolua_to.c">
      <Filter>ソース ファイル</Filter>
    </ClCompile>
    <ClCompile Include="..\..\src\bin\toluabind.c">
      <Filter>ソース ファイル</Filter>
    </ClCompile>
    <ClCompile Include="..\..\..\..\PX2Engine\Unity\Lua\lapi.c">
      <Filter>ソース ファイル</Filter>
    </ClCompile>
    <ClCompile Include="..\..\..\..\PX2Engine\Unity\Lua\lauxlib.c">
      <Filter>ソース ファイル</Filter>
    </ClCompile>
    <ClCompile Include="..\..\..\..\PX2Engine\Unity\Lua\lbaselib.c">
      <Filter>ソース ファイル</Filter>
    </ClCompile>
    <ClCompile Include="..\..\..\..\PX2Engine\Unity\Lua\lcode.c">
      <Filter>ソース ファイル</Filter>
    </ClCompile>
    <ClCompile Include="..\..\..\..\PX2Engine\Unity\Lua\ldblib.c">
      <Filter>ソース ファイル</Filter>
    </ClCompile>
    <ClCompile Include="..\..\..\..\PX2Engine\Unity\Lua\ldebug.c">
      <Filter>ソース ファイル</Filter>
    </ClCompile>
    <ClCompile Include="..\..\..\..\PX2Engine\Unity\Lua\ldo.c">
      <Filter>ソース ファイル</Filter>
    </ClCompile>
    <ClCompile Include="..\..\..\..\PX2Engine\Unity\Lua\ldump.c">
      <Filter>ソース ファイル</Filter>
    </ClCompile>
    <ClCompile Include="..\..\..\..\PX2Engine\Unity\Lua\lfunc.c">
      <Filter>ソース ファイル</Filter>
    </ClCompile>
    <ClCompile Include="..\..\..\..\PX2Engine\Unity\Lua\lgc.c">
      <Filter>ソース ファイル</Filter>
    </ClCompile>
    <ClCompile Include="..\..\..\..\PX2Engine\Unity\Lua\linit.c">
      <Filter>ソース ファイル</Filter>
    </ClCompile>
    <ClCompile Include="..\..\..\..\PX2Engine\Unity\Lua\liolib.c">
      <Filter>ソース ファイル</Filter>
    </ClCompile>
    <ClCompile Include="..\..\..\..\PX2Engine\Unity\Lua\llex.c">
      <Filter>ソース ファイル</Filter>
    </ClCompile>
    <ClCompile Include="..\..\..\..\PX2Engine\Unity\Lua\lmathlib.c">
      <Filter>ソース ファイル</Filter>
    </ClCompile>
    <ClCompile Include="..\..\..\..\PX2Engine\Unity\Lua\lmem.c">
      <Filter>ソース ファイル</Filter>
    </ClCompile>
    <ClCompile Include="..\..\..\..\PX2Engine\Unity\Lua\loadlib.c">
      <Filter>ソース ファイル</Filter>
    </ClCompile>
    <ClCompile Include="..\..\..\..\PX2Engine\Unity\Lua\lobject.c">
      <Filter>ソース ファイル</Filter>
    </ClCompile>
    <ClCompile Include="..\..\..\..\PX2Engine\Unity\Lua\lopcodes.c">
      <Filter>ソース ファイル</Filter>
    </ClCompile>
    <ClCompile Include="..\..\..\..\PX2Engine\Unity\Lua\loslib.c">
      <Filter>ソース ファイル</Filter>
    </ClCompile>
    <ClCompile Include="..\..\..\..\PX2Engine\Unity\Lua\lparser.c">
      <Filter>ソース ファイル</Filter>
    </ClCompile>
    <ClCompile Include="..\..\..\..\PX2Engine\Unity\Lua\lstate.c">
      <Filter>ソース ファイル</Filter>
    </ClCompile>
    <ClCompile Include="..\..\..\..\PX2Engine\Unity\Lua\lstring.c">
      <Filter>ソース ファイル</Filter>
    </ClCompile>
    <ClCompile Include="..\..\..\..\PX2Engine\Unity\Lua\lstrlib.c">
      <Filter>ソース ファイル</Filter>
    </ClCompile>
    <ClCompile Include="..\..\..\..\PX2Engine\Unity\Lua\ltable.c">
      <Filter>ソース ファイル</Filter>
    </ClCompile>
    <ClCompile Include="..\..\..\..\PX2Engine\Unity\Lua\ltablib.c">
      <Filter>ソース ファイル</Filter>
    </ClCompile>
    <ClCompile Include="..\..\..\..\PX2Engine\Unity\Lua\ltm.c">
      <Filter>ソース ファイル</Filter>
    </ClCompile>
    <ClCompile Include="..\..\..\..\PX2Engine\Unity\Lua\lundump.c">
      <Filter>ソース ファイル</Filter>
    </ClCompile>
    <ClCompile Include="..\..\..\..\PX2Engine\Unity\Lua\lvm.c">
      <Filter>ソース ファイル</Filter>
    </ClCompile>
    <ClCompile Include="..\..\..\..\PX2Engine\Unity\Lua\lzio.c">
      <Filter>ソース ファイル</Filter>
    </ClCompile>
    <ClCompile Include="..\..\..\..\PX2Engine\Unity\Lua\print.c">
      <Filter>ソース ファイル</Filter>
    </ClCompile>
    <ClCompile Include="..\..\Lua\lapi.c">
      <Filter>ソース ファイル</Filter>
    </ClCompile>
    <ClCompile Include="..\..\Lua\lauxlib.c">
      <Filter>ソース ファイル</Filter>
    </ClCompile>
    <ClCompile Include="..\..\Lua\lbaselib.c">
      <Filter>ソース ファイル</Filter>
    </ClCompile>
    <ClCompile Include="..\..\Lua\lcode.c">
      <Filter>ソース ファイル</Filter>
    </ClCompile>
    <ClCompile Include="..\..\Lua\ldblib.c">
      <Filter>ソース ファイル</Filter>
    </ClCompile>
    <ClCompile Include="..\..\Lua\ldebug.c">
      <Filter>ソース ファイル</Filter>
    </ClCompile>
    <ClCompile Include="..\..\Lua\ldo.c">
      <Filter>ソース ファイル</Filter>
    </ClCompile>
    <ClCompile Include="..\..\Lua\ldump.c">
      <Filter>ソース ファイル</Filter>
    </ClCompile>
    <ClCompile Include="..\..\Lua\lfunc.c">
      <Filter>ソース ファイル</Filter>
    </ClCompile>
    <ClCompile Include="..\..\Lua\lgc.c">
      <Filter>ソース ファイル</Filter>
    </ClCompile>
    <ClCompile Include="..\..\Lua\linit.c">
      <Filter>ソース ファイル</Filter>
    </ClCompile>
    <ClCompile Include="..\..\Lua\liolib.c">
      <Filter>ソース ファイル</Filter>
    </ClCompile>
    <ClCompile Include="..\..\Lua\llex.c">
      <Filter>ソース ファイル</Filter>
    </ClCompile>
    <ClCompile Include="..\..\Lua\lmathlib.c">
      <Filter>ソース ファイル</Filter>
    </ClCompile>
    <ClCompile Include="..\..\Lua\lmem.c">
      <Filter>ソース ファイル</Filter>
    </ClCompile>
    <ClCompile Include="..\..\Lua\loadlib.c">
      <Filter>ソース ファイル</Filter>
    </ClCompile>
    <ClCompile Include="..\..\Lua\lobject.c">
      <Filter>ソース ファイル</Filter>
    </ClCompile>
    <ClCompile Include="..\..\Lua\lopcodes.c">
      <Filter>ソース ファイル</Filter>
    </ClCompile>
    <ClCompile Include="..\..\Lua\loslib.c">
      <Filter>ソース ファイル</Filter>
    </ClCompile>
    <ClCompile Include="..\..\Lua\lparser.c">
      <Filter>ソース ファイル</Filter>
    </ClCompile>
    <ClCompile Include="..\..\Lua\lstate.c">
      <Filter>ソース ファイル</Filter>
    </ClCompile>
    <ClCompile Include="..\..\Lua\lstring.c">
      <Filter>ソース ファイル</Filter>
    </ClCompile>
    <ClCompile Include="..\..\Lua\lstrlib.c">
      <Filter>ソース ファイル</Filter>
    </ClCompile>
    <ClCompile Include="..\..\Lua\ltable.c">
      <Filter>ソース ファイル</Filter>
    </ClCompile>
    <ClCompile Include="..\..\Lua\ltablib.c">
      <Filter>ソース ファイル</Filter>
    </ClCompile>
    <ClCompile Include="..\..\Lua\ltm.c">
      <Filter>ソース ファイル</Filter>
    </ClCompile>
    <ClCompile Include="..\..\Lua\lundump.c">
      <Filter>ソース ファイル</Filter>
    </ClCompile>
    <ClCompile Include="..\..\Lua\lvm.c">
      <Filter>ソース ファイル</Filter>
    </ClCompile>
    <ClCompile Include="..\..\Lua\lzio.c">
      <Filter>ソース ファイル</Filter>
    </ClCompile>
    <ClCompile Include="..\..\Lua\print.c">
      <Filter>ソース ファイル</Filter>
    </ClCompile>
  </ItemGroup>
  <ItemGroup>
    <ClInclude Include="..\..\src\lib\tolua_event.h">
      <Filter>ソース ファイル</Filter>
    </ClInclude>
    <ClInclude Include="..\..\..\..\PX2Engine\Unity\Lua\lapi.h">
      <Filter>ヘッダー ファイル</Filter>
    </ClInclude>
    <ClInclude Include="..\..\..\..\PX2Engine\Unity\Lua\lauxlib.h">
      <Filter>ヘッダー ファイル</Filter>
    </ClInclude>
    <ClInclude Include="..\..\..\..\PX2Engine\Unity\Lua\lcode.h">
      <Filter>ヘッダー ファイル</Filter>
    </ClInclude>
    <ClInclude Include="..\..\..\..\PX2Engine\Unity\Lua\ldebug.h">
      <Filter>ヘッダー ファイル</Filter>
    </ClInclude>
    <ClInclude Include="..\..\..\..\PX2Engine\Unity\Lua\ldo.h">
      <Filter>ヘッダー ファイル</Filter>
    </ClInclude>
    <ClInclude Include="..\..\..\..\PX2Engine\Unity\Lua\lfunc.h">
      <Filter>ヘッダー ファイル</Filter>
    </ClInclude>
    <ClInclude Include="..\..\..\..\PX2Engine\Unity\Lua\lgc.h">
      <Filter>ヘッダー ファイル</Filter>
    </ClInclude>
    <ClInclude Include="..\..\..\..\PX2Engine\Unity\Lua\llex.h">
      <Filter>ヘッダー ファイル</Filter>
    </ClInclude>
    <ClInclude Include="..\..\..\..\PX2Engine\Unity\Lua\llimits.h">
      <Filter>ヘッダー ファイル</Filter>
    </ClInclude>
    <ClInclude Include="..\..\..\..\PX2Engine\Unity\Lua\lmem.h">
      <Filter>ヘッダー ファイル</Filter>
    </ClInclude>
    <ClInclude Include="..\..\..\..\PX2Engine\Unity\Lua\lobject.h">
      <Filter>ヘッダー ファイル</Filter>
    </ClInclude>
    <ClInclude Include="..\..\..\..\PX2Engine\Unity\Lua\lopcodes.h">
      <Filter>ヘッダー ファイル</Filter>
    </ClInclude>
    <ClInclude Include="..\..\..\..\PX2Engine\Unity\Lua\lparser.h">
      <Filter>ヘッダー ファイル</Filter>
    </ClInclude>
    <ClInclude Include="..\..\..\..\PX2Engine\Unity\Lua\lstate.h">
      <Filter>ヘッダー ファイル</Filter>
    </ClInclude>
    <ClInclude Include="..\..\..\..\PX2Engine\Unity\Lua\lstring.h">
      <Filter>ヘッダー ファイル</Filter>
    </ClInclude>
    <ClInclude Include="..\..\..\..\PX2Engine\Unity\Lua\ltable.h">
      <Filter>ヘッダー ファイル</Filter>
    </ClInclude>
    <ClInclude Include="..\..\..\..\PX2Engine\Unity\Lua\ltm.h">
      <Filter>ヘッダー ファイル</Filter>
    </ClInclude>
    <ClInclude Include="..\..\..\..\PX2Engine\Unity\Lua\lua.h">
      <Filter>ヘッダー ファイル</Filter>
    </ClInclude>
    <ClInclude Include="..\..\..\..\PX2Engine\Unity\Lua\luaconf.h">
      <Filter>ヘッダー ファイル</Filter>
    </ClInclude>
    <ClInclude Include="..\..\..\..\PX2Engine\Unity\Lua\lualib.h">
      <Filter>ヘッダー ファイル</Filter>
    </ClInclude>
    <ClInclude Include="..\..\..\..\PX2Engine\Unity\Lua\lundump.h">
      <Filter>ヘッダー ファイル</Filter>
    </ClInclude>
    <ClInclude Include="..\..\..\..\PX2Engine\Unity\Lua\lvm.h">
      <Filter>ヘッダー ファイル</Filter>
    </ClInclude>
    <ClInclude Include="..\..\..\..\PX2Engine\Unity\Lua\lzio.h">
      <Filter>ヘッダー ファイル</Filter>
    </ClInclude>
    <ClInclude Include="..\..\Lua\lapi.h">
      <Filter>ヘッダー ファイル</Filter>
    </ClInclude>
    <ClInclude Include="..\..\Lua\lauxlib.h">
      <Filter>ヘッダー ファイル</Filter>
    </ClInclude>
    <ClInclude Include="..\..\Lua\lcode.h">
      <Filter>ヘッダー ファイル</Filter>
    </ClInclude>
    <ClInclude Include="..\..\Lua\ldebug.h">
      <Filter>ヘッダー ファイル</Filter>
    </ClInclude>
    <ClInclude Include="..\..\Lua\ldo.h">
      <Filter>ヘッダー ファイル</Filter>
    </ClInclude>
    <ClInclude Include="..\..\Lua\lfunc.h">
      <Filter>ヘッダー ファイル</Filter>
    </ClInclude>
    <ClInclude Include="..\..\Lua\lgc.h">
      <Filter>ヘッダー ファイル</Filter>
    </ClInclude>
    <ClInclude Include="..\..\Lua\llex.h">
      <Filter>ヘッダー ファイル</Filter>
    </ClInclude>
    <ClInclude Include="..\..\Lua\llimits.h">
      <Filter>ヘッダー ファイル</Filter>
    </ClInclude>
    <ClInclude Include="..\..\Lua\lmem.h">
      <Filter>ヘッダー ファイル</Filter>
    </ClInclude>
    <ClInclude Include="..\..\Lua\lobject.h">
      <Filter>ヘッダー ファイル</Filter>
    </ClInclude>
    <ClInclude Include="..\..\Lua\lopcodes.h">
      <Filter>ヘッダー ファイル</Filter>
    </ClInclude>
    <ClInclude Include="..\..\Lua\lparser.h">
      <Filter>ヘッダー ファイル</Filter>
    </ClInclude>
    <ClInclude Include="..\..\Lua\lstate.h">
      <Filter>ヘッダー ファイル</Filter>
    </ClInclude>
    <ClInclude Include="..\..\Lua\lstring.h">
      <Filter>ヘッダー ファイル</Filter>
    </ClInclude>
    <ClInclude Include="..\..\Lua\ltable.h">
      <Filter>ヘッダー ファイル</Filter>
    </ClInclude>
    <ClInclude Include="..\..\Lua\ltm.h">
      <Filter>ヘッダー ファイル</Filter>
    </ClInclude>
    <ClInclude Include="..\..\Lua\lua.h">
      <Filter>ヘッダー ファイル</Filter>
    </ClInclude>
    <ClInclude Include="..\..\Lua\luaconf.h">
      <Filter>ヘッダー ファイル</Filter>
    </ClInclude>
    <ClInclude Include="..\..\Lua\lualib.h">
      <Filter>ヘッダー ファイル</Filter>
    </ClInclude>
    <ClInclude Include="..\..\Lua\lundump.h">
      <Filter>ヘッダー ファイル</Filter>
    </ClInclude>
    <ClInclude Include="..\..\Lua\lvm.h">
      <Filter>ヘッダー ファイル</Filter>
    </ClInclude>
    <ClInclude Include="..\..\Lua\lzio.h">
      <Filter>ヘッダー ファイル</Filter>
    </ClInclude>
  </ItemGroup>
</Project>